// !$*UTF8*$!
{
	archiveVersion = 1;
	classes = {
	};
	objectVersion = 56;
	objects = {

/* Begin PBXBuildFile section */
		08583CCA2A6405D000D8D196 /* AppDelegate.swift in Sources */ = {isa = PBXBuildFile; fileRef = 08583CC92A6405D000D8D196 /* AppDelegate.swift */; };
		08583CCC2A6405D000D8D196 /* SceneDelegate.swift in Sources */ = {isa = PBXBuildFile; fileRef = 08583CCB2A6405D000D8D196 /* SceneDelegate.swift */; };
		08583CCE2A6405D000D8D196 /* ViewController.swift in Sources */ = {isa = PBXBuildFile; fileRef = 08583CCD2A6405D000D8D196 /* ViewController.swift */; };
		08583CD32A6405D100D8D196 /* Assets.xcassets in Resources */ = {isa = PBXBuildFile; fileRef = 08583CD22A6405D100D8D196 /* Assets.xcassets */; };
		08583CD62A6405D100D8D196 /* LaunchScreen.storyboard in Resources */ = {isa = PBXBuildFile; fileRef = 08583CD42A6405D100D8D196 /* LaunchScreen.storyboard */; };
		08583CE12A6405D100D8D196 /* FilteredCameraTests.swift in Sources */ = {isa = PBXBuildFile; fileRef = 08583CE02A6405D100D8D196 /* FilteredCameraTests.swift */; };
		08583CEB2A6405D100D8D196 /* FilteredCameraUITests.swift in Sources */ = {isa = PBXBuildFile; fileRef = 08583CEA2A6405D100D8D196 /* FilteredCameraUITests.swift */; };
		08583CED2A6405D100D8D196 /* FilteredCameraUITestsLaunchTests.swift in Sources */ = {isa = PBXBuildFile; fileRef = 08583CEC2A6405D100D8D196 /* FilteredCameraUITestsLaunchTests.swift */; };
		08583D002A640AEE00D8D196 /* View.swift in Sources */ = {isa = PBXBuildFile; fileRef = 08583CFF2A640AEE00D8D196 /* View.swift */; };
		085CD14A2A646D5600CAA9FC /* VideoStreamConfigurator.swift in Sources */ = {isa = PBXBuildFile; fileRef = 085CD1492A646D5600CAA9FC /* VideoStreamConfigurator.swift */; };
/* End PBXBuildFile section */

/* Begin PBXContainerItemProxy section */
		08583CDD2A6405D100D8D196 /* PBXContainerItemProxy */ = {
			isa = PBXContainerItemProxy;
			containerPortal = 08583CBE2A6405D000D8D196 /* Project object */;
			proxyType = 1;
			remoteGlobalIDString = 08583CC52A6405D000D8D196;
			remoteInfo = FilteredCamera;
		};
		08583CE72A6405D100D8D196 /* PBXContainerItemProxy */ = {
			isa = PBXContainerItemProxy;
			containerPortal = 08583CBE2A6405D000D8D196 /* Project object */;
			proxyType = 1;
			remoteGlobalIDString = 08583CC52A6405D000D8D196;
			remoteInfo = FilteredCamera;
		};
/* End PBXContainerItemProxy section */

/* Begin PBXFileReference section */
		08583CC62A6405D000D8D196 /* FilteredCamera.app */ = {isa = PBXFileReference; explicitFileType = wrapper.application; includeInIndex = 0; path = FilteredCamera.app; sourceTree = BUILT_PRODUCTS_DIR; };
		08583CC92A6405D000D8D196 /* AppDelegate.swift */ = {isa = PBXFileReference; lastKnownFileType = sourcecode.swift; path = AppDelegate.swift; sourceTree = "<group>"; };
		08583CCB2A6405D000D8D196 /* SceneDelegate.swift */ = {isa = PBXFileReference; lastKnownFileType = sourcecode.swift; path = SceneDelegate.swift; sourceTree = "<group>"; };
		08583CCD2A6405D000D8D196 /* ViewController.swift */ = {isa = PBXFileReference; lastKnownFileType = sourcecode.swift; path = ViewController.swift; sourceTree = "<group>"; };
		08583CD22A6405D100D8D196 /* Assets.xcassets */ = {isa = PBXFileReference; lastKnownFileType = folder.assetcatalog; path = Assets.xcassets; sourceTree = "<group>"; };
		08583CD52A6405D100D8D196 /* Base */ = {isa = PBXFileReference; lastKnownFileType = file.storyboard; name = Base; path = Base.lproj/LaunchScreen.storyboard; sourceTree = "<group>"; };
		08583CD72A6405D100D8D196 /* Info.plist */ = {isa = PBXFileReference; lastKnownFileType = text.plist.xml; path = Info.plist; sourceTree = "<group>"; };
		08583CDC2A6405D100D8D196 /* FilteredCameraTests.xctest */ = {isa = PBXFileReference; explicitFileType = wrapper.cfbundle; includeInIndex = 0; path = FilteredCameraTests.xctest; sourceTree = BUILT_PRODUCTS_DIR; };
		08583CE02A6405D100D8D196 /* FilteredCameraTests.swift */ = {isa = PBXFileReference; lastKnownFileType = sourcecode.swift; path = FilteredCameraTests.swift; sourceTree = "<group>"; };
		08583CE62A6405D100D8D196 /* FilteredCameraUITests.xctest */ = {isa = PBXFileReference; explicitFileType = wrapper.cfbundle; includeInIndex = 0; path = FilteredCameraUITests.xctest; sourceTree = BUILT_PRODUCTS_DIR; };
		08583CEA2A6405D100D8D196 /* FilteredCameraUITests.swift */ = {isa = PBXFileReference; lastKnownFileType = sourcecode.swift; path = FilteredCameraUITests.swift; sourceTree = "<group>"; };
		08583CEC2A6405D100D8D196 /* FilteredCameraUITestsLaunchTests.swift */ = {isa = PBXFileReference; lastKnownFileType = sourcecode.swift; path = FilteredCameraUITestsLaunchTests.swift; sourceTree = "<group>"; };
		08583CFF2A640AEE00D8D196 /* View.swift */ = {isa = PBXFileReference; lastKnownFileType = sourcecode.swift; path = View.swift; sourceTree = "<group>"; };
		085CD1492A646D5600CAA9FC /* VideoStreamConfigurator.swift */ = {isa = PBXFileReference; lastKnownFileType = sourcecode.swift; path = VideoStreamConfigurator.swift; sourceTree = "<group>"; };
/* End PBXFileReference section */

/* Begin PBXFrameworksBuildPhase section */
		08583CC32A6405D000D8D196 /* Frameworks */ = {
			isa = PBXFrameworksBuildPhase;
			buildActionMask = 2147483647;
			files = (
			);
			runOnlyForDeploymentPostprocessing = 0;
		};
		08583CD92A6405D100D8D196 /* Frameworks */ = {
			isa = PBXFrameworksBuildPhase;
			buildActionMask = 2147483647;
			files = (
			);
			runOnlyForDeploymentPostprocessing = 0;
		};
		08583CE32A6405D100D8D196 /* Frameworks */ = {
			isa = PBXFrameworksBuildPhase;
			buildActionMask = 2147483647;
			files = (
			);
			runOnlyForDeploymentPostprocessing = 0;
		};
/* End PBXFrameworksBuildPhase section */

/* Begin PBXGroup section */
		08583CBD2A6405D000D8D196 = {
			isa = PBXGroup;
			children = (
				08583CC82A6405D000D8D196 /* FilteredCamera */,
				08583CDF2A6405D100D8D196 /* FilteredCameraTests */,
				08583CE92A6405D100D8D196 /* FilteredCameraUITests */,
				08583CC72A6405D000D8D196 /* Products */,
			);
			sourceTree = "<group>";
		};
		08583CC72A6405D000D8D196 /* Products */ = {
			isa = PBXGroup;
			children = (
				08583CC62A6405D000D8D196 /* FilteredCamera.app */,
				08583CDC2A6405D100D8D196 /* FilteredCameraTests.xctest */,
				08583CE62A6405D100D8D196 /* FilteredCameraUITests.xctest */,
			);
			name = Products;
			sourceTree = "<group>";
		};
		08583CC82A6405D000D8D196 /* FilteredCamera */ = {
			isa = PBXGroup;
			children = (
				08583CFC2A6409B800D8D196 /* Resources */,
				08583CC92A6405D000D8D196 /* AppDelegate.swift */,
				08583CCB2A6405D000D8D196 /* SceneDelegate.swift */,
				08583CCD2A6405D000D8D196 /* ViewController.swift */,
				08583CFF2A640AEE00D8D196 /* View.swift */,
				085CD1492A646D5600CAA9FC /* VideoStreamConfigurator.swift */,
			);
			path = FilteredCamera;
			sourceTree = "<group>";
		};
		08583CDF2A6405D100D8D196 /* FilteredCameraTests */ = {
			isa = PBXGroup;
			children = (
				08583CE02A6405D100D8D196 /* FilteredCameraTests.swift */,
			);
			path = FilteredCameraTests;
			sourceTree = "<group>";
		};
		08583CE92A6405D100D8D196 /* FilteredCameraUITests */ = {
			isa = PBXGroup;
			children = (
				08583CEA2A6405D100D8D196 /* FilteredCameraUITests.swift */,
				08583CEC2A6405D100D8D196 /* FilteredCameraUITestsLaunchTests.swift */,
			);
			path = FilteredCameraUITests;
			sourceTree = "<group>";
		};
		08583CFC2A6409B800D8D196 /* Resources */ = {
			isa = PBXGroup;
			children = (
				08583CD72A6405D100D8D196 /* Info.plist */,
				08583CD42A6405D100D8D196 /* LaunchScreen.storyboard */,
				08583CD22A6405D100D8D196 /* Assets.xcassets */,
			);
			path = Resources;
			sourceTree = "<group>";
		};
/* End PBXGroup section */

/* Begin PBXNativeTarget section */
		08583CC52A6405D000D8D196 /* FilteredCamera */ = {
			isa = PBXNativeTarget;
			buildConfigurationList = 08583CF02A6405D100D8D196 /* Build configuration list for PBXNativeTarget "FilteredCamera" */;
			buildPhases = (
				08583CC22A6405D000D8D196 /* Sources */,
				08583CC32A6405D000D8D196 /* Frameworks */,
				08583CC42A6405D000D8D196 /* Resources */,
			);
			buildRules = (
			);
			dependencies = (
			);
			name = FilteredCamera;
			productName = FilteredCamera;
			productReference = 08583CC62A6405D000D8D196 /* FilteredCamera.app */;
			productType = "com.apple.product-type.application";
		};
		08583CDB2A6405D100D8D196 /* FilteredCameraTests */ = {
			isa = PBXNativeTarget;
			buildConfigurationList = 08583CF32A6405D100D8D196 /* Build configuration list for PBXNativeTarget "FilteredCameraTests" */;
			buildPhases = (
				08583CD82A6405D100D8D196 /* Sources */,
				08583CD92A6405D100D8D196 /* Frameworks */,
				08583CDA2A6405D100D8D196 /* Resources */,
			);
			buildRules = (
			);
			dependencies = (
				08583CDE2A6405D100D8D196 /* PBXTargetDependency */,
			);
			name = FilteredCameraTests;
			productName = FilteredCameraTests;
			productReference = 08583CDC2A6405D100D8D196 /* FilteredCameraTests.xctest */;
			productType = "com.apple.product-type.bundle.unit-test";
		};
		08583CE52A6405D100D8D196 /* FilteredCameraUITests */ = {
			isa = PBXNativeTarget;
			buildConfigurationList = 08583CF62A6405D100D8D196 /* Build configuration list for PBXNativeTarget "FilteredCameraUITests" */;
			buildPhases = (
				08583CE22A6405D100D8D196 /* Sources */,
				08583CE32A6405D100D8D196 /* Frameworks */,
				08583CE42A6405D100D8D196 /* Resources */,
			);
			buildRules = (
			);
			dependencies = (
				08583CE82A6405D100D8D196 /* PBXTargetDependency */,
			);
			name = FilteredCameraUITests;
			productName = FilteredCameraUITests;
			productReference = 08583CE62A6405D100D8D196 /* FilteredCameraUITests.xctest */;
			productType = "com.apple.product-type.bundle.ui-testing";
		};
/* End PBXNativeTarget section */

/* Begin PBXProject section */
		08583CBE2A6405D000D8D196 /* Project object */ = {
			isa = PBXProject;
			attributes = {
				BuildIndependentTargetsInParallel = 1;
				LastSwiftUpdateCheck = 1430;
				LastUpgradeCheck = 1430;
				TargetAttributes = {
					08583CC52A6405D000D8D196 = {
						CreatedOnToolsVersion = 14.3.1;
					};
					08583CDB2A6405D100D8D196 = {
						CreatedOnToolsVersion = 14.3.1;
						TestTargetID = 08583CC52A6405D000D8D196;
					};
					08583CE52A6405D100D8D196 = {
						CreatedOnToolsVersion = 14.3.1;
						TestTargetID = 08583CC52A6405D000D8D196;
					};
				};
			};
			buildConfigurationList = 08583CC12A6405D000D8D196 /* Build configuration list for PBXProject "FilteredCamera" */;
			compatibilityVersion = "Xcode 14.0";
			developmentRegion = en;
			hasScannedForEncodings = 0;
			knownRegions = (
				en,
				Base,
			);
			mainGroup = 08583CBD2A6405D000D8D196;
			productRefGroup = 08583CC72A6405D000D8D196 /* Products */;
			projectDirPath = "";
			projectRoot = "";
			targets = (
				08583CC52A6405D000D8D196 /* FilteredCamera */,
				08583CDB2A6405D100D8D196 /* FilteredCameraTests */,
				08583CE52A6405D100D8D196 /* FilteredCameraUITests */,
			);
		};
/* End PBXProject section */

/* Begin PBXResourcesBuildPhase section */
		08583CC42A6405D000D8D196 /* Resources */ = {
			isa = PBXResourcesBuildPhase;
			buildActionMask = 2147483647;
			files = (
				08583CD62A6405D100D8D196 /* LaunchScreen.storyboard in Resources */,
				08583CD32A6405D100D8D196 /* Assets.xcassets in Resources */,
			);
			runOnlyForDeploymentPostprocessing = 0;
		};
		08583CDA2A6405D100D8D196 /* Resources */ = {
			isa = PBXResourcesBuildPhase;
			buildActionMask = 2147483647;
			files = (
			);
			runOnlyForDeploymentPostprocessing = 0;
		};
		08583CE42A6405D100D8D196 /* Resources */ = {
			isa = PBXResourcesBuildPhase;
			buildActionMask = 2147483647;
			files = (
			);
			runOnlyForDeploymentPostprocessing = 0;
		};
/* End PBXResourcesBuildPhase section */

/* Begin PBXSourcesBuildPhase section */
		08583CC22A6405D000D8D196 /* Sources */ = {
			isa = PBXSourcesBuildPhase;
			buildActionMask = 2147483647;
			files = (
				085CD14A2A646D5600CAA9FC /* VideoStreamConfigurator.swift in Sources */,
				08583D002A640AEE00D8D196 /* View.swift in Sources */,
				08583CCE2A6405D000D8D196 /* ViewController.swift in Sources */,
				08583CCA2A6405D000D8D196 /* AppDelegate.swift in Sources */,
				08583CCC2A6405D000D8D196 /* SceneDelegate.swift in Sources */,
			);
			runOnlyForDeploymentPostprocessing = 0;
		};
		08583CD82A6405D100D8D196 /* Sources */ = {
			isa = PBXSourcesBuildPhase;
			buildActionMask = 2147483647;
			files = (
				08583CE12A6405D100D8D196 /* FilteredCameraTests.swift in Sources */,
			);
			runOnlyForDeploymentPostprocessing = 0;
		};
		08583CE22A6405D100D8D196 /* Sources */ = {
			isa = PBXSourcesBuildPhase;
			buildActionMask = 2147483647;
			files = (
				08583CED2A6405D100D8D196 /* FilteredCameraUITestsLaunchTests.swift in Sources */,
				08583CEB2A6405D100D8D196 /* FilteredCameraUITests.swift in Sources */,
			);
			runOnlyForDeploymentPostprocessing = 0;
		};
/* End PBXSourcesBuildPhase section */

/* Begin PBXTargetDependency section */
		08583CDE2A6405D100D8D196 /* PBXTargetDependency */ = {
			isa = PBXTargetDependency;
			target = 08583CC52A6405D000D8D196 /* FilteredCamera */;
			targetProxy = 08583CDD2A6405D100D8D196 /* PBXContainerItemProxy */;
		};
		08583CE82A6405D100D8D196 /* PBXTargetDependency */ = {
			isa = PBXTargetDependency;
			target = 08583CC52A6405D000D8D196 /* FilteredCamera */;
			targetProxy = 08583CE72A6405D100D8D196 /* PBXContainerItemProxy */;
		};
/* End PBXTargetDependency section */

/* Begin PBXVariantGroup section */
		08583CD42A6405D100D8D196 /* LaunchScreen.storyboard */ = {
			isa = PBXVariantGroup;
			children = (
				08583CD52A6405D100D8D196 /* Base */,
			);
			name = LaunchScreen.storyboard;
			sourceTree = "<group>";
		};
/* End PBXVariantGroup section */

/* Begin XCBuildConfiguration section */
		08583CEE2A6405D100D8D196 /* Debug */ = {
			isa = XCBuildConfiguration;
			buildSettings = {
				ALWAYS_SEARCH_USER_PATHS = NO;
				CLANG_ANALYZER_NONNULL = YES;
				CLANG_ANALYZER_NUMBER_OBJECT_CONVERSION = YES_AGGRESSIVE;
				CLANG_CXX_LANGUAGE_STANDARD = "gnu++20";
				CLANG_ENABLE_MODULES = YES;
				CLANG_ENABLE_OBJC_ARC = YES;
				CLANG_ENABLE_OBJC_WEAK = YES;
				CLANG_WARN_BLOCK_CAPTURE_AUTORELEASING = YES;
				CLANG_WARN_BOOL_CONVERSION = YES;
				CLANG_WARN_COMMA = YES;
				CLANG_WARN_CONSTANT_CONVERSION = YES;
				CLANG_WARN_DEPRECATED_OBJC_IMPLEMENTATIONS = YES;
				CLANG_WARN_DIRECT_OBJC_ISA_USAGE = YES_ERROR;
				CLANG_WARN_DOCUMENTATION_COMMENTS = YES;
				CLANG_WARN_EMPTY_BODY = YES;
				CLANG_WARN_ENUM_CONVERSION = YES;
				CLANG_WARN_INFINITE_RECURSION = YES;
				CLANG_WARN_INT_CONVERSION = YES;
				CLANG_WARN_NON_LITERAL_NULL_CONVERSION = YES;
				CLANG_WARN_OBJC_IMPLICIT_RETAIN_SELF = YES;
				CLANG_WARN_OBJC_LITERAL_CONVERSION = YES;
				CLANG_WARN_OBJC_ROOT_CLASS = YES_ERROR;
				CLANG_WARN_QUOTED_INCLUDE_IN_FRAMEWORK_HEADER = YES;
				CLANG_WARN_RANGE_LOOP_ANALYSIS = YES;
				CLANG_WARN_STRICT_PROTOTYPES = YES;
				CLANG_WARN_SUSPICIOUS_MOVE = YES;
				CLANG_WARN_UNGUARDED_AVAILABILITY = YES_AGGRESSIVE;
				CLANG_WARN_UNREACHABLE_CODE = YES;
				CLANG_WARN__DUPLICATE_METHOD_MATCH = YES;
				COPY_PHASE_STRIP = NO;
				DEBUG_INFORMATION_FORMAT = dwarf;
				ENABLE_STRICT_OBJC_MSGSEND = YES;
				ENABLE_TESTABILITY = YES;
				GCC_C_LANGUAGE_STANDARD = gnu11;
				GCC_DYNAMIC_NO_PIC = NO;
				GCC_NO_COMMON_BLOCKS = YES;
				GCC_OPTIMIZATION_LEVEL = 0;
				GCC_PREPROCESSOR_DEFINITIONS = (
					"DEBUG=1",
					"$(inherited)",
				);
				GCC_WARN_64_TO_32_BIT_CONVERSION = YES;
				GCC_WARN_ABOUT_RETURN_TYPE = YES_ERROR;
				GCC_WARN_UNDECLARED_SELECTOR = YES;
				GCC_WARN_UNINITIALIZED_AUTOS = YES_AGGRESSIVE;
				GCC_WARN_UNUSED_FUNCTION = YES;
				GCC_WARN_UNUSED_VARIABLE = YES;
				IPHONEOS_DEPLOYMENT_TARGET = 16.4;
				MTL_ENABLE_DEBUG_INFO = INCLUDE_SOURCE;
				MTL_FAST_MATH = YES;
				ONLY_ACTIVE_ARCH = YES;
				SDKROOT = iphoneos;
				SWIFT_ACTIVE_COMPILATION_CONDITIONS = DEBUG;
				SWIFT_OPTIMIZATION_LEVEL = "-Onone";
			};
			name = Debug;
		};
		08583CEF2A6405D100D8D196 /* Release */ = {
			isa = XCBuildConfiguration;
			buildSettings = {
				ALWAYS_SEARCH_USER_PATHS = NO;
				CLANG_ANALYZER_NONNULL = YES;
				CLANG_ANALYZER_NUMBER_OBJECT_CONVERSION = YES_AGGRESSIVE;
				CLANG_CXX_LANGUAGE_STANDARD = "gnu++20";
				CLANG_ENABLE_MODULES = YES;
				CLANG_ENABLE_OBJC_ARC = YES;
				CLANG_ENABLE_OBJC_WEAK = YES;
				CLANG_WARN_BLOCK_CAPTURE_AUTORELEASING = YES;
				CLANG_WARN_BOOL_CONVERSION = YES;
				CLANG_WARN_COMMA = YES;
				CLANG_WARN_CONSTANT_CONVERSION = YES;
				CLANG_WARN_DEPRECATED_OBJC_IMPLEMENTATIONS = YES;
				CLANG_WARN_DIRECT_OBJC_ISA_USAGE = YES_ERROR;
				CLANG_WARN_DOCUMENTATION_COMMENTS = YES;
				CLANG_WARN_EMPTY_BODY = YES;
				CLANG_WARN_ENUM_CONVERSION = YES;
				CLANG_WARN_INFINITE_RECURSION = YES;
				CLANG_WARN_INT_CONVERSION = YES;
				CLANG_WARN_NON_LITERAL_NULL_CONVERSION = YES;
				CLANG_WARN_OBJC_IMPLICIT_RETAIN_SELF = YES;
				CLANG_WARN_OBJC_LITERAL_CONVERSION = YES;
				CLANG_WARN_OBJC_ROOT_CLASS = YES_ERROR;
				CLANG_WARN_QUOTED_INCLUDE_IN_FRAMEWORK_HEADER = YES;
				CLANG_WARN_RANGE_LOOP_ANALYSIS = YES;
				CLANG_WARN_STRICT_PROTOTYPES = YES;
				CLANG_WARN_SUSPICIOUS_MOVE = YES;
				CLANG_WARN_UNGUARDED_AVAILABILITY = YES_AGGRESSIVE;
				CLANG_WARN_UNREACHABLE_CODE = YES;
				CLANG_WARN__DUPLICATE_METHOD_MATCH = YES;
				COPY_PHASE_STRIP = NO;
				DEBUG_INFORMATION_FORMAT = "dwarf-with-dsym";
				ENABLE_NS_ASSERTIONS = NO;
				ENABLE_STRICT_OBJC_MSGSEND = YES;
				GCC_C_LANGUAGE_STANDARD = gnu11;
				GCC_NO_COMMON_BLOCKS = YES;
				GCC_WARN_64_TO_32_BIT_CONVERSION = YES;
				GCC_WARN_ABOUT_RETURN_TYPE = YES_ERROR;
				GCC_WARN_UNDECLARED_SELECTOR = YES;
				GCC_WARN_UNINITIALIZED_AUTOS = YES_AGGRESSIVE;
				GCC_WARN_UNUSED_FUNCTION = YES;
				GCC_WARN_UNUSED_VARIABLE = YES;
				IPHONEOS_DEPLOYMENT_TARGET = 16.4;
				MTL_ENABLE_DEBUG_INFO = NO;
				MTL_FAST_MATH = YES;
				SDKROOT = iphoneos;
				SWIFT_COMPILATION_MODE = wholemodule;
				SWIFT_OPTIMIZATION_LEVEL = "-O";
				VALIDATE_PRODUCT = YES;
			};
			name = Release;
		};
		08583CF12A6405D100D8D196 /* Debug */ = {
			isa = XCBuildConfiguration;
			buildSettings = {
				ASSETCATALOG_COMPILER_APPICON_NAME = AppIcon;
				ASSETCATALOG_COMPILER_GLOBAL_ACCENT_COLOR_NAME = AccentColor;
				CODE_SIGN_STYLE = Automatic;
				CURRENT_PROJECT_VERSION = 1;
				DEVELOPMENT_TEAM = JQ483HLUHB;
				GENERATE_INFOPLIST_FILE = YES;
				INFOPLIST_FILE = FilteredCamera/Resources/Info.plist;
				INFOPLIST_KEY_CFBundleDisplayName = FilteredCamera;
				INFOPLIST_KEY_UIApplicationSupportsIndirectInputEvents = YES;
				INFOPLIST_KEY_UILaunchStoryboardName = LaunchScreen;
				INFOPLIST_KEY_UIMainStoryboardFile = Main;
				INFOPLIST_KEY_UISupportedInterfaceOrientations_iPad = "UIInterfaceOrientationPortrait UIInterfaceOrientationPortraitUpsideDown UIInterfaceOrientationLandscapeLeft UIInterfaceOrientationLandscapeRight";
				INFOPLIST_KEY_UISupportedInterfaceOrientations_iPhone = "UIInterfaceOrientationPortrait UIInterfaceOrientationLandscapeLeft UIInterfaceOrientationLandscapeRight";
				LD_RUNPATH_SEARCH_PATHS = (
					"$(inherited)",
					"@executable_path/Frameworks",
				);
				MARKETING_VERSION = 1.0;
				PRODUCT_BUNDLE_IDENTIFIER = mckstanislav.FilteredCamera;
				PRODUCT_NAME = "$(TARGET_NAME)";
				SWIFT_EMIT_LOC_STRINGS = YES;
				SWIFT_VERSION = 5.0;
				TARGETED_DEVICE_FAMILY = "1,2";
			};
			name = Debug;
		};
		08583CF22A6405D100D8D196 /* Release */ = {
			isa = XCBuildConfiguration;
			buildSettings = {
				ASSETCATALOG_COMPILER_APPICON_NAME = AppIcon;
				ASSETCATALOG_COMPILER_GLOBAL_ACCENT_COLOR_NAME = AccentColor;
				CODE_SIGN_STYLE = Automatic;
				CURRENT_PROJECT_VERSION = 1;
				DEVELOPMENT_TEAM = JQ483HLUHB;
				GENERATE_INFOPLIST_FILE = YES;
				INFOPLIST_FILE = FilteredCamera/Resources/Info.plist;
				INFOPLIST_KEY_CFBundleDisplayName = FilteredCamera;
				INFOPLIST_KEY_UIApplicationSupportsIndirectInputEvents = YES;
				INFOPLIST_KEY_UILaunchStoryboardName = LaunchScreen;
				INFOPLIST_KEY_UIMainStoryboardFile = Main;
				INFOPLIST_KEY_UISupportedInterfaceOrientations_iPad = "UIInterfaceOrientationPortrait UIInterfaceOrientationPortraitUpsideDown UIInterfaceOrientationLandscapeLeft UIInterfaceOrientationLandscapeRight";
				INFOPLIST_KEY_UISupportedInterfaceOrientations_iPhone = "UIInterfaceOrientationPortrait UIInterfaceOrientationLandscapeLeft UIInterfaceOrientationLandscapeRight";
				LD_RUNPATH_SEARCH_PATHS = (
					"$(inherited)",
					"@executable_path/Frameworks",
				);
				MARKETING_VERSION = 1.0;
				PRODUCT_BUNDLE_IDENTIFIER = mckstanislav.FilteredCamera;
				PRODUCT_NAME = "$(TARGET_NAME)";
				SWIFT_EMIT_LOC_STRINGS = YES;
				SWIFT_VERSION = 5.0;
				TARGETED_DEVICE_FAMILY = "1,2";
			};
			name = Release;
		};
		08583CF42A6405D100D8D196 /* Debug */ = {
			isa = XCBuildConfiguration;
			buildSettings = {
				ALWAYS_EMBED_SWIFT_STANDARD_LIBRARIES = YES;
				BUNDLE_LOADER = "$(TEST_HOST)";
				CODE_SIGN_STYLE = Automatic;
				CURRENT_PROJECT_VERSION = 1;
				DEVELOPMENT_TEAM = JQ483HLUHB;
				GENERATE_INFOPLIST_FILE = YES;
				IPHONEOS_DEPLOYMENT_TARGET = 16.4;
				MARKETING_VERSION = 1.0;
				PRODUCT_BUNDLE_IDENTIFIER = mckstanislav.FilteredCameraTests;
				PRODUCT_NAME = "$(TARGET_NAME)";
				SWIFT_EMIT_LOC_STRINGS = NO;
				SWIFT_VERSION = 5.0;
				TARGETED_DEVICE_FAMILY = "1,2";
				TEST_HOST = "$(BUILT_PRODUCTS_DIR)/FilteredCamera.app/$(BUNDLE_EXECUTABLE_FOLDER_PATH)/FilteredCamera";
			};
			name = Debug;
		};
		08583CF52A6405D100D8D196 /* Release */ = {
			isa = XCBuildConfiguration;
			buildSettings = {
				ALWAYS_EMBED_SWIFT_STANDARD_LIBRARIES = YES;
				BUNDLE_LOADER = "$(TEST_HOST)";
				CODE_SIGN_STYLE = Automatic;
				CURRENT_PROJECT_VERSION = 1;
				DEVELOPMENT_TEAM = JQ483HLUHB;
				GENERATE_INFOPLIST_FILE = YES;
				IPHONEOS_DEPLOYMENT_TARGET = 16.4;
				MARKETING_VERSION = 1.0;
				PRODUCT_BUNDLE_IDENTIFIER = mckstanislav.FilteredCameraTests;
				PRODUCT_NAME = "$(TARGET_NAME)";
				SWIFT_EMIT_LOC_STRINGS = NO;
				SWIFT_VERSION = 5.0;
				TARGETED_DEVICE_FAMILY = "1,2";
				TEST_HOST = "$(BUILT_PRODUCTS_DIR)/FilteredCamera.app/$(BUNDLE_EXECUTABLE_FOLDER_PATH)/FilteredCamera";
			};
			name = Release;
		};
		08583CF72A6405D100D8D196 /* Debug */ = {
			isa = XCBuildConfiguration;
			buildSettings = {
				ALWAYS_EMBED_SWIFT_STANDARD_LIBRARIES = YES;
				CODE_SIGN_STYLE = Automatic;
				CURRENT_PROJECT_VERSION = 1;
				DEVELOPMENT_TEAM = JQ483HLUHB;
				GENERATE_INFOPLIST_FILE = YES;
				MARKETING_VERSION = 1.0;
				PRODUCT_BUNDLE_IDENTIFIER = mckstanislav.FilteredCameraUITests;
				PRODUCT_NAME = "$(TARGET_NAME)";
				SWIFT_EMIT_LOC_STRINGS = NO;
				SWIFT_VERSION = 5.0;
				TARGETED_DEVICE_FAMILY = "1,2";
				TEST_TARGET_NAME = FilteredCamera;
			};
			name = Debug;
		};
		08583CF82A6405D100D8D196 /* Release */ = {
			isa = XCBuildConfiguration;
			buildSettings = {
				ALWAYS_EMBED_SWIFT_STANDARD_LIBRARIES = YES;
				CODE_SIGN_STYLE = Automatic;
				CURRENT_PROJECT_VERSION = 1;
				DEVELOPMENT_TEAM = JQ483HLUHB;
				GENERATE_INFOPLIST_FILE = YES;
				MARKETING_VERSION = 1.0;
				PRODUCT_BUNDLE_IDENTIFIER = mckstanislav.FilteredCameraUITests;
				PRODUCT_NAME = "$(TARGET_NAME)";
				SWIFT_EMIT_LOC_STRINGS = NO;
				SWIFT_VERSION = 5.0;
				TARGETED_DEVICE_FAMILY = "1,2";
				TEST_TARGET_NAME = FilteredCamera;
			};
			name = Release;
		};
/* End XCBuildConfiguration section */

/* Begin XCConfigurationList section */
		08583CC12A6405D000D8D196 /* Build configuration list for PBXProject "FilteredCamera" */ = {
			isa = XCConfigurationList;
			buildConfigurations = (
				08583CEE2A6405D100D8D196 /* Debug */,
				08583CEF2A6405D100D8D196 /* Release */,
			);
			defaultConfigurationIsVisible = 0;
			defaultConfigurationName = Release;
		};
		08583CF02A6405D100D8D196 /* Build configuration list for PBXNativeTarget "FilteredCamera" */ = {
			isa = XCConfigurationList;
			buildConfigurations = (
				08583CF12A6405D100D8D196 /* Debug */,
				08583CF22A6405D100D8D196 /* Release */,
			);
			defaultConfigurationIsVisible = 0;
			defaultConfigurationName = Release;
		};
		08583CF32A6405D100D8D196 /* Build configuration list for PBXNativeTarget "FilteredCameraTests" */ = {
			isa = XCConfigurationList;
			buildConfigurations = (
				08583CF42A6405D100D8D196 /* Debug */,
				08583CF52A6405D100D8D196 /* Release */,
			);
			defaultConfigurationIsVisible = 0;
			defaultConfigurationName = Release;
		};
		08583CF62A6405D100D8D196 /* Build configuration list for PBXNativeTarget "FilteredCameraUITests" */ = {
			isa = XCConfigurationList;
			buildConfigurations = (
				08583CF72A6405D100D8D196 /* Debug */,
				08583CF82A6405D100D8D196 /* Release */,
			);
			defaultConfigurationIsVisible = 0;
			defaultConfigurationName = Release;
		};
/* End XCConfigurationList section */
	};
	rootObject = 08583CBE2A6405D000D8D196 /* Project object */;
}
